
Microsoft Visual Studio Solution File, Format Version 12.00
# Visual Studio Version 17
VisualStudioVersion = 17.0.31903.59
MinimumVisualStudioVersion = 10.0.40219.1
Project("{2150E333-8FDC-42A3-9474-1A3956D46DE8}") = "src", "src", "{827E0CD3-B72D-47B6-A68D-7590B98EB39B}"
EndProject
Project("{FAE04EC0-301F-11D3-BF4B-00C04F79EFBC}") = "UserOrg.Api", "src\UserOrg.Api\UserOrg.Api.csproj", "{3ACF3F12-CD3F-93D0-CE14-3E9E2866E0D1}"
EndProject
Project("{FAE04EC0-301F-11D3-BF4B-00C04F79EFBC}") = "UserOrg.BusinessLogic", "src\UserOrg.Application\UserOrg.BusinessLogic.csproj", "{AFD3CF83-3810-8B09-C4A3-94C7ADFF29E8}"
EndProject
Project("{FAE04EC0-301F-11D3-BF4B-00C04F79EFBC}") = "UserOrg.Domain", "src\UserOrg.Domain\UserOrg.Domain.csproj", "{8FD2D7C1-3DAF-8555-4224-2163D3D9C1D1}"
EndProject
Project("{FAE04EC0-301F-11D3-BF4B-00C04F79EFBC}") = "UserOrg.DataAccess", "src\UserOrg.Infrastructure\UserOrg.DataAccess.csproj", "{AC2EAE46-3684-2156-214B-30431A432D2A}"
EndProject
Global
	GlobalSection(SolutionConfigurationPlatforms) = preSolution
		Debug|Any CPU = Debug|Any CPU
		Release|Any CPU = Release|Any CPU
	EndGlobalSection
	GlobalSection(ProjectConfigurationPlatforms) = postSolution
		{3ACF3F12-CD3F-93D0-CE14-3E9E2866E0D1}.Debug|Any CPU.ActiveCfg = Debug|Any CPU
		{3ACF3F12-CD3F-93D0-CE14-3E9E2866E0D1}.Debug|Any CPU.Build.0 = Debug|Any CPU
		{3ACF3F12-CD3F-93D0-CE14-3E9E2866E0D1}.Release|Any CPU.ActiveCfg = Release|Any CPU
		{3ACF3F12-CD3F-93D0-CE14-3E9E2866E0D1}.Release|Any CPU.Build.0 = Release|Any CPU
		{AFD3CF83-3810-8B09-C4A3-94C7ADFF29E8}.Debug|Any CPU.ActiveCfg = Debug|Any CPU
		{AFD3CF83-3810-8B09-C4A3-94C7ADFF29E8}.Debug|Any CPU.Build.0 = Debug|Any CPU
		{AFD3CF83-3810-8B09-C4A3-94C7ADFF29E8}.Release|Any CPU.ActiveCfg = Release|Any CPU
		{AFD3CF83-3810-8B09-C4A3-94C7ADFF29E8}.Release|Any CPU.Build.0 = Release|Any CPU
		{8FD2D7C1-3DAF-8555-4224-2163D3D9C1D1}.Debug|Any CPU.ActiveCfg = Debug|Any CPU
		{8FD2D7C1-3DAF-8555-4224-2163D3D9C1D1}.Debug|Any CPU.Build.0 = Debug|Any CPU
		{8FD2D7C1-3DAF-8555-4224-2163D3D9C1D1}.Release|Any CPU.ActiveCfg = Release|Any CPU
		{8FD2D7C1-3DAF-8555-4224-2163D3D9C1D1}.Release|Any CPU.Build.0 = Release|Any CPU
		{AC2EAE46-3684-2156-214B-30431A432D2A}.Debug|Any CPU.ActiveCfg = Debug|Any CPU
		{AC2EAE46-3684-2156-214B-30431A432D2A}.Debug|Any CPU.Build.0 = Debug|Any CPU
		{AC2EAE46-3684-2156-214B-30431A432D2A}.Release|Any CPU.ActiveCfg = Release|Any CPU
		{AC2EAE46-3684-2156-214B-30431A432D2A}.Release|Any CPU.Build.0 = Release|Any CPU
	EndGlobalSection
	GlobalSection(SolutionProperties) = preSolution
		HideSolutionNode = FALSE
	EndGlobalSection
	GlobalSection(NestedProjects) = preSolution
		{3ACF3F12-CD3F-93D0-CE14-3E9E2866E0D1} = {827E0CD3-B72D-47B6-A68D-7590B98EB39B}
		{AFD3CF83-3810-8B09-C4A3-94C7ADFF29E8} = {827E0CD3-B72D-47B6-A68D-7590B98EB39B}
		{8FD2D7C1-3DAF-8555-4224-2163D3D9C1D1} = {827E0CD3-B72D-47B6-A68D-7590B98EB39B}
		{AC2EAE46-3684-2156-214B-30431A432D2A} = {827E0CD3-B72D-47B6-A68D-7590B98EB39B}
	EndGlobalSection
	GlobalSection(ExtensibilityGlobals) = postSolution
		SolutionGuid = {62BC8E27-2EDF-405A-847C-04B45C723374}
	EndGlobalSection
EndGlobal
